<?xml version="1.0" encoding="utf-8"?>
<Project ToolsVersion="4.0" xmlns="http://schemas.microsoft.com/developer/msbuild/2003">
  <ItemGroup>
    <Filter Include="Source Files">
      <UniqueIdentifier>{4FC737F1-C7A5-4376-A066-2A32D752A2FF}</UniqueIdentifier>
      <Extensions>cpp;c;cc;cxx;def;odl;idl;hpj;bat;asm;asmx</Extensions>
    </Filter>
    <Filter Include="Header Files">
      <UniqueIdentifier>{93995380-89BD-4b04-88EB-625FBE52EBFB}</UniqueIdentifier>
      <Extensions>h;hh;hpp;hxx;hm;inl;inc;xsd</Extensions>
    </Filter>
    <Filter Include="Resource Files">
      <UniqueIdentifier>{67DA6AB6-F800-4c08-8B7A-83BB121AAD01}</UniqueIdentifier>
      <Extensions>rc;ico;cur;bmp;dlg;rc2;rct;bin;rgs;gif;jpg;jpeg;jpe;resx;tiff;tif;png;wav;mfcribbon-ms</Extensions>
    </Filter>
  </ItemGroup>
  <ItemGroup>
    <ClCompile Include="SpaceInvaders.cpp">
      <Filter>Source Files</Filter>
    </ClCompile>
    <ClCompile Include="RandomGenerator.cpp">
      <Filter>Source Files</Filter>
    </ClCompile>
    <ClCompile Include="Stopwatch.cpp">
      <Filter>Source Files</Filter>
    </ClCompile>
    <ClCompile Include="Scene.cpp">
      <Filter>Source Files</Filter>
    </ClCompile>
    <ClCompile Include="tinyxml2\tinyxml2.cpp">
      <Filter>Source Files</Filter>
    </ClCompile>
    <ClCompile Include="controller\CollisionControllerBase.cpp">
      <Filter>Source Files</Filter>
    </ClCompile>
    <ClCompile Include="timeline\ConcurrentEvent.cpp">
      <Filter>Source Files</Filter>
    </ClCompile>
    <ClCompile Include="model\DriftingEntity.cpp">
      <Filter>Source Files</Filter>
    </ClCompile>
    <ClCompile Include="model\Entity.cpp">
      <Filter>Source Files</Filter>
    </ClCompile>
    <ClCompile Include="controller\ActionController.cpp">
      <Filter>Source Files</Filter>
    </ClCompile>
    <ClCompile Include="view\FramecounterRenderable.cpp">
      <Filter>Source Files</Filter>
    </ClCompile>
    <ClCompile Include="model\Game.cpp">
      <Filter>Source Files</Filter>
    </ClCompile>
    <ClCompile Include="controller\GameController.cpp">
      <Filter>Source Files</Filter>
    </ClCompile>
    <ClCompile Include="view\GameRenderer.cpp">
      <Filter>Source Files</Filter>
    </ClCompile>
    <ClCompile Include="view\GroupRenderable.cpp">
      <Filter>Source Files</Filter>
    </ClCompile>
    <ClCompile Include="controller\IntervalActionController.cpp">
      <Filter>Source Files</Filter>
    </ClCompile>
    <ClCompile Include="timeline\InvaderWaveEvent.cpp">
      <Filter>Source Files</Filter>
    </ClCompile>
    <ClCompile Include="controller\OutOfBoundsController.cpp">
      <Filter>Source Files</Filter>
    </ClCompile>
    <ClCompile Include="parser\ParsedEntity.cpp">
      <Filter>Source Files</Filter>
    </ClCompile>
    <ClCompile Include="controller\PathController.cpp">
      <Filter>Source Files</Filter>
    </ClCompile>
    <ClCompile Include="model\PathEntity.cpp">
      <Filter>Source Files</Filter>
    </ClCompile>
    <ClCompile Include="model\PhysicsEntity.cpp">
      <Filter>Source Files</Filter>
    </ClCompile>
    <ClCompile Include="controller\PlayerController.cpp">
      <Filter>Source Files</Filter>
    </ClCompile>
    <ClCompile Include="controller\ProjectileCollisionController.cpp">
      <Filter>Source Files</Filter>
    </ClCompile>
    <ClCompile Include="view\RelativeBoxRenderable.cpp">
      <Filter>Source Files</Filter>
    </ClCompile>
    <ClCompile Include="view\PathOffsetRenderable.cpp">
      <Filter>Source Files</Filter>
    </ClCompile>
    <ClCompile Include="view\RibbonParticleRenderable.cpp">
      <Filter>Source Files</Filter>
    </ClCompile>
    <ClCompile Include="parser\SceneDescription.cpp">
      <Filter>Source Files</Filter>
    </ClCompile>
    <ClCompile Include="controller\ShipCollisionController.cpp">
      <Filter>Source Files</Filter>
    </ClCompile>
    <ClCompile Include="model\ShipEntity.cpp">
      <Filter>Source Files</Filter>
    </ClCompile>
    <ClCompile Include="timeline\ShowEvent.cpp">
      <Filter>Source Files</Filter>
    </ClCompile>
    <ClCompile Include="timeline\SpawnEvent.cpp">
      <Filter>Source Files</Filter>
    </ClCompile>
    <ClCompile Include="view\SpriteRenderable.cpp">
      <Filter>Source Files</Filter>
    </ClCompile>
    <ClCompile Include="view\RenderContext.cpp">
      <Filter>Source Files</Filter>
    </ClCompile>
    <ClCompile Include="view\TextRenderable.cpp">
      <Filter>Source Files</Filter>
    </ClCompile>
    <ClCompile Include="timeline\DeadlineEvent.cpp">
      <Filter>Source Files</Filter>
    </ClCompile>
    <ClCompile Include="timeline\Timeline.cpp">
      <Filter>Source Files</Filter>
    </ClCompile>
    <ClCompile Include="view\Transformation.cpp">
      <Filter>Source Files</Filter>
    </ClCompile>
    <ClCompile Include="view\TransformedRenderable.cpp">
      <Filter>Source Files</Filter>
    </ClCompile>
    <ClCompile Include="timeline\ConditionalEvent.cpp">
      <Filter>Source Files</Filter>
    </ClCompile>
    <ClCompile Include="timeline\PermanentEvent.cpp">
      <Filter>Source Files</Filter>
    </ClCompile>
    <ClCompile Include="view\ParticleEmitterRenderable.cpp">
      <Filter>Source Files</Filter>
    </ClCompile>
    <ClCompile Include="model\ObstacleEntity.cpp">
      <Filter>Source Files</Filter>
    </ClCompile>
    <ClCompile Include="model\Healthbar.cpp">
      <Filter>Source Files</Filter>
    </ClCompile>
  </ItemGroup>
  <ItemGroup>
    <ClInclude Include="tinyxml2\tinyxml2.h">
      <Filter>Header Files</Filter>
    </ClInclude>
    <ClInclude Include="model\ShipEntity.h">
      <Filter>Header Files</Filter>
    </ClInclude>
    <ClInclude Include="model\Entity.h">
      <Filter>Header Files</Filter>
    </ClInclude>
    <ClInclude Include="model\Game.h">
      <Filter>Header Files</Filter>
    </ClInclude>
    <ClInclude Include="model\PathEntity.h">
      <Filter>Header Files</Filter>
    </ClInclude>
    <ClInclude Include="model\DriftingEntity.h">
      <Filter>Header Files</Filter>
    </ClInclude>
    <ClInclude Include="model\PhysicsEntity.h">
      <Filter>Header Files</Filter>
    </ClInclude>
    <ClInclude Include="parser\SceneDescription.h">
      <Filter>Header Files</Filter>
    </ClInclude>
    <ClInclude Include="parser\ParsedEntity.h">
      <Filter>Header Files</Filter>
    </ClInclude>
    <ClInclude Include="timeline\ShowEvent.h">
      <Filter>Header Files</Filter>
    </ClInclude>
    <ClInclude Include="timeline\ConcurrentEvent.h">
      <Filter>Header Files</Filter>
    </ClInclude>
    <ClInclude Include="timeline\DeadlineEvent.h">
      <Filter>Header Files</Filter>
    </ClInclude>
    <ClInclude Include="timeline\ITimelineEvent.h">
      <Filter>Header Files</Filter>
    </ClInclude>
    <ClInclude Include="timeline\Timeline.h">
      <Filter>Header Files</Filter>
    </ClInclude>
    <ClInclude Include="timeline\InvaderWaveEvent.h">
      <Filter>Header Files</Filter>
    </ClInclude>
    <ClInclude Include="timeline\SpawnEvent.h">
      <Filter>Header Files</Filter>
    </ClInclude>
    <ClInclude Include="controller\PathController.h">
      <Filter>Header Files</Filter>
    </ClInclude>
    <ClInclude Include="controller\GameController.h">
      <Filter>Header Files</Filter>
    </ClInclude>
    <ClInclude Include="controller\PlayerController.h">
      <Filter>Header Files</Filter>
    </ClInclude>
    <ClInclude Include="controller\IntervalActionController.h">
      <Filter>Header Files</Filter>
    </ClInclude>
    <ClInclude Include="controller\OutOfBoundsController.h">
      <Filter>Header Files</Filter>
    </ClInclude>
    <ClInclude Include="controller\IController.h">
      <Filter>Header Files</Filter>
    </ClInclude>
    <ClInclude Include="controller\ActionController.h">
      <Filter>Header Files</Filter>
    </ClInclude>
    <ClInclude Include="controller\ProjectileCollisionController.h">
      <Filter>Header Files</Filter>
    </ClInclude>
    <ClInclude Include="controller\CollisionControllerBase.h">
      <Filter>Header Files</Filter>
    </ClInclude>
    <ClInclude Include="controller\ShipCollisionController.h">
      <Filter>Header Files</Filter>
    </ClInclude>
    <ClInclude Include="view\SpriteRenderable.h">
      <Filter>Header Files</Filter>
    </ClInclude>
    <ClInclude Include="view\RelativeBoxRenderable.h">
      <Filter>Header Files</Filter>
    </ClInclude>
    <ClInclude Include="view\GameRenderer.h">
      <Filter>Header Files</Filter>
    </ClInclude>
    <ClInclude Include="view\RenderContext.h">
      <Filter>Header Files</Filter>
    </ClInclude>
    <ClInclude Include="view\RibbonParticleRenderable.h">
      <Filter>Header Files</Filter>
    </ClInclude>
    <ClInclude Include="view\GroupRenderable.h">
      <Filter>Header Files</Filter>
    </ClInclude>
    <ClInclude Include="view\FramecounterRenderable.h">
      <Filter>Header Files</Filter>
    </ClInclude>
    <ClInclude Include="view\IRenderable.h">
      <Filter>Header Files</Filter>
    </ClInclude>
    <ClInclude Include="view\PathOffsetRenderable.h">
      <Filter>Header Files</Filter>
    </ClInclude>
    <ClInclude Include="view\TextRenderable.h">
      <Filter>Header Files</Filter>
    </ClInclude>
    <ClInclude Include="view\Transformation.h">
      <Filter>Header Files</Filter>
    </ClInclude>
    <ClInclude Include="view\TransformedRenderable.h">
      <Filter>Header Files</Filter>
    </ClInclude>
    <ClInclude Include="timeline\ConditionalEvent.h">
      <Filter>Header Files</Filter>
    </ClInclude>
    <ClInclude Include="timeline\PermanentEvent.h">
      <Filter>Header Files</Filter>
    </ClInclude>
    <ClInclude Include="view\ParticleEmitterRenderable.h">
      <Filter>Header Files</Filter>
    </ClInclude>
    <ClInclude Include="model\ObstacleEntity.h">
      <Filter>Header Files</Filter>
    </ClInclude>
    <ClInclude Include="model\Healthbar.h">
      <Filter>Header Files</Filter>
    </ClInclude>
  </ItemGroup>
</Project>